
Microsoft Visual Studio Solution File, Format Version 12.00
# Visual Studio Version 16
VisualStudioVersion = 16.0.29519.87
MinimumVisualStudioVersion = 10.0.40219.1
Project("{9A19103F-16F7-4668-BE54-9A1E7A4F7556}") = "ApplicationApi.Models", "ApplicationApi.Models\ApplicationApi.Models.csproj", "{B502DD44-7935-4E6E-9096-A857227C1CC8}"
EndProject
Project("{9A19103F-16F7-4668-BE54-9A1E7A4F7556}") = "ApplicationApi.Utility", "ApplicationApi.Utility\ApplicationApi.Utility.csproj", "{DD9B42D3-0922-49E4-AE87-F7386FC612CB}"
EndProject
Project("{9A19103F-16F7-4668-BE54-9A1E7A4F7556}") = "ApplicationApi", "ApplicationApi\ApplicationApi.csproj", "{A6685FE0-7DA4-4556-83FD-70AB2CBD22B8}"
EndProject
Project("{9A19103F-16F7-4668-BE54-9A1E7A4F7556}") = "ApplicationApi.DataAccess", "ApplicationApi.DataAccess\ApplicationApi.DataAccess.csproj", "{F63A376E-27A0-488C-89A9-40F851BE609E}"
EndProject
Global
	GlobalSection(SolutionConfigurationPlatforms) = preSolution
		Debug|Any CPU = Debug|Any CPU
		Release|Any CPU = Release|Any CPU
	EndGlobalSection
	GlobalSection(ProjectConfigurationPlatforms) = postSolution
		{B502DD44-7935-4E6E-9096-A857227C1CC8}.Debug|Any CPU.ActiveCfg = Debug|Any CPU
		{B502DD44-7935-4E6E-9096-A857227C1CC8}.Debug|Any CPU.Build.0 = Debug|Any CPU
		{B502DD44-7935-4E6E-9096-A857227C1CC8}.Release|Any CPU.ActiveCfg = Release|Any CPU
		{B502DD44-7935-4E6E-9096-A857227C1CC8}.Release|Any CPU.Build.0 = Release|Any CPU
		{DD9B42D3-0922-49E4-AE87-F7386FC612CB}.Debug|Any CPU.ActiveCfg = Debug|Any CPU
		{DD9B42D3-0922-49E4-AE87-F7386FC612CB}.Debug|Any CPU.Build.0 = Debug|Any CPU
		{DD9B42D3-0922-49E4-AE87-F7386FC612CB}.Release|Any CPU.ActiveCfg = Release|Any CPU
		{DD9B42D3-0922-49E4-AE87-F7386FC612CB}.Release|Any CPU.Build.0 = Release|Any CPU
		{A6685FE0-7DA4-4556-83FD-70AB2CBD22B8}.Debug|Any CPU.ActiveCfg = Debug|Any CPU
		{A6685FE0-7DA4-4556-83FD-70AB2CBD22B8}.Debug|Any CPU.Build.0 = Debug|Any CPU
		{A6685FE0-7DA4-4556-83FD-70AB2CBD22B8}.Release|Any CPU.ActiveCfg = Release|Any CPU
		{A6685FE0-7DA4-4556-83FD-70AB2CBD22B8}.Release|Any CPU.Build.0 = Release|Any CPU
		{F63A376E-27A0-488C-89A9-40F851BE609E}.Debug|Any CPU.ActiveCfg = Debug|Any CPU
		{F63A376E-27A0-488C-89A9-40F851BE609E}.Debug|Any CPU.Build.0 = Debug|Any CPU
		{F63A376E-27A0-488C-89A9-40F851BE609E}.Release|Any CPU.ActiveCfg = Release|Any CPU
		{F63A376E-27A0-488C-89A9-40F851BE609E}.Release|Any CPU.Build.0 = Release|Any CPU
	EndGlobalSection
	GlobalSection(SolutionProperties) = preSolution
		HideSolutionNode = FALSE
	EndGlobalSection
	GlobalSection(ExtensibilityGlobals) = postSolution
		SolutionGuid = {742A8B6F-49AE-4BD0-A0A1-82FACB7DE23B}
	EndGlobalSection
EndGlobal
